// !$*UTF8*$!
{
	archiveVersion = 1;
	classes = {
	};
	objectVersion = 46;
	objects = {

/* Begin PBXBuildFile section */
		4ECCB9D11CF4DABC00155A67 /* main.m in Sources */ = {isa = PBXBuildFile; fileRef = 4ECCB9D01CF4DABC00155A67 /* main.m */; };
		4ECCB9D41CF4DABC00155A67 /* AppDelegate.m in Sources */ = {isa = PBXBuildFile; fileRef = 4ECCB9D31CF4DABC00155A67 /* AppDelegate.m */; };
		4ECCB9D71CF4DABC00155A67 /* ViewController.m in Sources */ = {isa = PBXBuildFile; fileRef = 4ECCB9D61CF4DABC00155A67 /* ViewController.m */; };
		4ECCB9DA1CF4DABC00155A67 /* Main.storyboard in Resources */ = {isa = PBXBuildFile; fileRef = 4ECCB9D81CF4DABC00155A67 /* Main.storyboard */; };
		4ECCB9DC1CF4DABC00155A67 /* Assets.xcassets in Resources */ = {isa = PBXBuildFile; fileRef = 4ECCB9DB1CF4DABC00155A67 /* Assets.xcassets */; };
		4ECCB9DF1CF4DABC00155A67 /* LaunchScreen.storyboard in Resources */ = {isa = PBXBuildFile; fileRef = 4ECCB9DD1CF4DABC00155A67 /* LaunchScreen.storyboard */; };
		4ECCB9EA1CF4DABC00155A67 /* ______Tests.m in Sources */ = {isa = PBXBuildFile; fileRef = 4ECCB9E91CF4DABC00155A67 /* ______Tests.m */; };
		4ECCB9F51CF4DABC00155A67 /* ______UITests.m in Sources */ = {isa = PBXBuildFile; fileRef = 4ECCB9F41CF4DABC00155A67 /* ______UITests.m */; };
		4ECCBA311CF4DE3200155A67 /* SYHotViewController.m in Sources */ = {isa = PBXBuildFile; fileRef = 4ECCBA301CF4DE3200155A67 /* SYHotViewController.m */; };
		4ECCBA341CF4DE4400155A67 /* SYVideoViewController.m in Sources */ = {isa = PBXBuildFile; fileRef = 4ECCBA331CF4DE4400155A67 /* SYVideoViewController.m */; };
		4ECCBA371CF4DE5300155A67 /* SYReaderViewController.m in Sources */ = {isa = PBXBuildFile; fileRef = 4ECCBA361CF4DE5300155A67 /* SYReaderViewController.m */; };
		4ECCBA3A1CF4DE6100155A67 /* SYScienceViewController.m in Sources */ = {isa = PBXBuildFile; fileRef = 4ECCBA391CF4DE6100155A67 /* SYScienceViewController.m */; };
		4ECCBA3D1CF4DE6F00155A67 /* SYScoletyViewController.m in Sources */ = {isa = PBXBuildFile; fileRef = 4ECCBA3C1CF4DE6F00155A67 /* SYScoletyViewController.m */; };
		4ECCBA401CF4DE7D00155A67 /* SYToplineViewController.m in Sources */ = {isa = PBXBuildFile; fileRef = 4ECCBA3F1CF4DE7D00155A67 /* SYToplineViewController.m */; };
/* End PBXBuildFile section */

/* Begin PBXContainerItemProxy section */
		4ECCB9E61CF4DABC00155A67 /* PBXContainerItemProxy */ = {
			isa = PBXContainerItemProxy;
			containerPortal = 4ECCB9C41CF4DABC00155A67 /* Project object */;
			proxyType = 1;
			remoteGlobalIDString = 4ECCB9CB1CF4DABC00155A67;
			remoteInfo = "网易新闻框架";
		};
		4ECCB9F11CF4DABC00155A67 /* PBXContainerItemProxy */ = {
			isa = PBXContainerItemProxy;
			containerPortal = 4ECCB9C41CF4DABC00155A67 /* Project object */;
			proxyType = 1;
			remoteGlobalIDString = 4ECCB9CB1CF4DABC00155A67;
			remoteInfo = "网易新闻框架";
		};
/* End PBXContainerItemProxy section */

/* Begin PBXFileReference section */
		4ECCB9CC1CF4DABC00155A67 /* 网易新闻框架.app */ = {isa = PBXFileReference; explicitFileType = wrapper.application; includeInIndex = 0; path = "网易新闻框架.app"; sourceTree = BUILT_PRODUCTS_DIR; };
		4ECCB9D01CF4DABC00155A67 /* main.m */ = {isa = PBXFileReference; lastKnownFileType = sourcecode.c.objc; path = main.m; sourceTree = "<group>"; };
		4ECCB9D21CF4DABC00155A67 /* AppDelegate.h */ = {isa = PBXFileReference; lastKnownFileType = sourcecode.c.h; path = AppDelegate.h; sourceTree = "<group>"; };
		4ECCB9D31CF4DABC00155A67 /* AppDelegate.m */ = {isa = PBXFileReference; lastKnownFileType = sourcecode.c.objc; path = AppDelegate.m; sourceTree = "<group>"; };
		4ECCB9D51CF4DABC00155A67 /* ViewController.h */ = {isa = PBXFileReference; lastKnownFileType = sourcecode.c.h; path = ViewController.h; sourceTree = "<group>"; };
		4ECCB9D61CF4DABC00155A67 /* ViewController.m */ = {isa = PBXFileReference; lastKnownFileType = sourcecode.c.objc; path = ViewController.m; sourceTree = "<group>"; };
		4ECCB9D91CF4DABC00155A67 /* Base */ = {isa = PBXFileReference; lastKnownFileType = file.storyboard; name = Base; path = Base.lproj/Main.storyboard; sourceTree = "<group>"; };
		4ECCB9DB1CF4DABC00155A67 /* Assets.xcassets */ = {isa = PBXFileReference; lastKnownFileType = folder.assetcatalog; path = Assets.xcassets; sourceTree = "<group>"; };
		4ECCB9DE1CF4DABC00155A67 /* Base */ = {isa = PBXFileReference; lastKnownFileType = file.storyboard; name = Base; path = Base.lproj/LaunchScreen.storyboard; sourceTree = "<group>"; };
		4ECCB9E01CF4DABC00155A67 /* Info.plist */ = {isa = PBXFileReference; lastKnownFileType = text.plist.xml; path = Info.plist; sourceTree = "<group>"; };
		4ECCB9E51CF4DABC00155A67 /* 网易新闻框架Tests.xctest */ = {isa = PBXFileReference; explicitFileType = wrapper.cfbundle; includeInIndex = 0; path = "网易新闻框架Tests.xctest"; sourceTree = BUILT_PRODUCTS_DIR; };
		4ECCB9E91CF4DABC00155A67 /* ______Tests.m */ = {isa = PBXFileReference; lastKnownFileType = sourcecode.c.objc; path = "______Tests.m"; sourceTree = "<group>"; };
		4ECCB9EB1CF4DABC00155A67 /* Info.plist */ = {isa = PBXFileReference; lastKnownFileType = text.plist.xml; path = Info.plist; sourceTree = "<group>"; };
		4ECCB9F01CF4DABC00155A67 /* 网易新闻框架UITests.xctest */ = {isa = PBXFileReference; explicitFileType = wrapper.cfbundle; includeInIndex = 0; path = "网易新闻框架UITests.xctest"; sourceTree = BUILT_PRODUCTS_DIR; };
		4ECCB9F41CF4DABC00155A67 /* ______UITests.m */ = {isa = PBXFileReference; lastKnownFileType = sourcecode.c.objc; path = "______UITests.m"; sourceTree = "<group>"; };
		4ECCB9F61CF4DABC00155A67 /* Info.plist */ = {isa = PBXFileReference; lastKnownFileType = text.plist.xml; path = Info.plist; sourceTree = "<group>"; };
		4ECCBA2F1CF4DE3200155A67 /* SYHotViewController.h */ = {isa = PBXFileReference; fileEncoding = 4; lastKnownFileType = sourcecode.c.h; path = SYHotViewController.h; sourceTree = "<group>"; };
		4ECCBA301CF4DE3200155A67 /* SYHotViewController.m */ = {isa = PBXFileReference; fileEncoding = 4; lastKnownFileType = sourcecode.c.objc; path = SYHotViewController.m; sourceTree = "<group>"; };
		4ECCBA321CF4DE4400155A67 /* SYVideoViewController.h */ = {isa = PBXFileReference; fileEncoding = 4; lastKnownFileType = sourcecode.c.h; path = SYVideoViewController.h; sourceTree = "<group>"; };
		4ECCBA331CF4DE4400155A67 /* SYVideoViewController.m */ = {isa = PBXFileReference; fileEncoding = 4; lastKnownFileType = sourcecode.c.objc; path = SYVideoViewController.m; sourceTree = "<group>"; };
		4ECCBA351CF4DE5300155A67 /* SYReaderViewController.h */ = {isa = PBXFileReference; fileEncoding = 4; lastKnownFileType = sourcecode.c.h; path = SYReaderViewController.h; sourceTree = "<group>"; };
		4ECCBA361CF4DE5300155A67 /* SYReaderViewController.m */ = {isa = PBXFileReference; fileEncoding = 4; lastKnownFileType = sourcecode.c.objc; path = SYReaderViewController.m; sourceTree = "<group>"; };
		4ECCBA381CF4DE6100155A67 /* SYScienceViewController.h */ = {isa = PBXFileReference; fileEncoding = 4; lastKnownFileType = sourcecode.c.h; path = SYScienceViewController.h; sourceTree = "<group>"; };
		4ECCBA391CF4DE6100155A67 /* SYScienceViewController.m */ = {isa = PBXFileReference; fileEncoding = 4; lastKnownFileType = sourcecode.c.objc; path = SYScienceViewController.m; sourceTree = "<group>"; };
		4ECCBA3B1CF4DE6F00155A67 /* SYScoletyViewController.h */ = {isa = PBXFileReference; fileEncoding = 4; lastKnownFileType = sourcecode.c.h; path = SYScoletyViewController.h; sourceTree = "<group>"; };
		4ECCBA3C1CF4DE6F00155A67 /* SYScoletyViewController.m */ = {isa = PBXFileReference; fileEncoding = 4; lastKnownFileType = sourcecode.c.objc; path = SYScoletyViewController.m; sourceTree = "<group>"; };
		4ECCBA3E1CF4DE7D00155A67 /* SYToplineViewController.h */ = {isa = PBXFileReference; fileEncoding = 4; lastKnownFileType = sourcecode.c.h; path = SYToplineViewController.h; sourceTree = "<group>"; };
		4ECCBA3F1CF4DE7D00155A67 /* SYToplineViewController.m */ = {isa = PBXFileReference; fileEncoding = 4; lastKnownFileType = sourcecode.c.objc; path = SYToplineViewController.m; sourceTree = "<group>"; };
/* End PBXFileReference section */

/* Begin PBXFrameworksBuildPhase section */
		4ECCB9C91CF4DABC00155A67 /* Frameworks */ = {
			isa = PBXFrameworksBuildPhase;
			buildActionMask = 2147483647;
			files = (
			);
			runOnlyForDeploymentPostprocessing = 0;
		};
		4ECCB9E21CF4DABC00155A67 /* Frameworks */ = {
			isa = PBXFrameworksBuildPhase;
			buildActionMask = 2147483647;
			files = (
			);
			runOnlyForDeploymentPostprocessing = 0;
		};
		4ECCB9ED1CF4DABC00155A67 /* Frameworks */ = {
			isa = PBXFrameworksBuildPhase;
			buildActionMask = 2147483647;
			files = (
			);
			runOnlyForDeploymentPostprocessing = 0;
		};
/* End PBXFrameworksBuildPhase section */

/* Begin PBXGroup section */
		4ECCB9C31CF4DABC00155A67 = {
			isa = PBXGroup;
			children = (
				4ECCB9CE1CF4DABC00155A67 /* 网易新闻框架 */,
				4ECCB9E81CF4DABC00155A67 /* 网易新闻框架Tests */,
				4ECCB9F31CF4DABC00155A67 /* 网易新闻框架UITests */,
				4ECCB9CD1CF4DABC00155A67 /* Products */,
			);
			sourceTree = "<group>";
		};
		4ECCB9CD1CF4DABC00155A67 /* Products */ = {
			isa = PBXGroup;
			children = (
				4ECCB9CC1CF4DABC00155A67 /* 网易新闻框架.app */,
				4ECCB9E51CF4DABC00155A67 /* 网易新闻框架Tests.xctest */,
				4ECCB9F01CF4DABC00155A67 /* 网易新闻框架UITests.xctest */,
			);
			name = Products;
			sourceTree = "<group>";
		};
		4ECCB9CE1CF4DABC00155A67 /* 网易新闻框架 */ = {
			isa = PBXGroup;
			children = (
				4ECCB9D21CF4DABC00155A67 /* AppDelegate.h */,
				4ECCB9D31CF4DABC00155A67 /* AppDelegate.m */,
				4ECCB9D51CF4DABC00155A67 /* ViewController.h */,
				4ECCB9D61CF4DABC00155A67 /* ViewController.m */,
				4ECCB9D81CF4DABC00155A67 /* Main.storyboard */,
				4ECCB9DB1CF4DABC00155A67 /* Assets.xcassets */,
				4ECCB9DD1CF4DABC00155A67 /* LaunchScreen.storyboard */,
				4ECCB9E01CF4DABC00155A67 /* Info.plist */,
				4ECCBA2F1CF4DE3200155A67 /* SYHotViewController.h */,
				4ECCBA301CF4DE3200155A67 /* SYHotViewController.m */,
				4ECCBA321CF4DE4400155A67 /* SYVideoViewController.h */,
				4ECCBA331CF4DE4400155A67 /* SYVideoViewController.m */,
				4ECCBA351CF4DE5300155A67 /* SYReaderViewController.h */,
				4ECCBA361CF4DE5300155A67 /* SYReaderViewController.m */,
				4ECCBA381CF4DE6100155A67 /* SYScienceViewController.h */,
				4ECCBA391CF4DE6100155A67 /* SYScienceViewController.m */,
				4ECCBA3B1CF4DE6F00155A67 /* SYScoletyViewController.h */,
				4ECCBA3C1CF4DE6F00155A67 /* SYScoletyViewController.m */,
				4ECCBA3E1CF4DE7D00155A67 /* SYToplineViewController.h */,
				4ECCBA3F1CF4DE7D00155A67 /* SYToplineViewController.m */,
				4ECCB9CF1CF4DABC00155A67 /* Supporting Files */,
			);
			path = "网易新闻框架";
			sourceTree = "<group>";
		};
		4ECCB9CF1CF4DABC00155A67 /* Supporting Files */ = {
			isa = PBXGroup;
			children = (
				4ECCB9D01CF4DABC00155A67 /* main.m */,
			);
			name = "Supporting Files";
			sourceTree = "<group>";
		};
		4ECCB9E81CF4DABC00155A67 /* 网易新闻框架Tests */ = {
			isa = PBXGroup;
			children = (
				4ECCB9E91CF4DABC00155A67 /* ______Tests.m */,
				4ECCB9EB1CF4DABC00155A67 /* Info.plist */,
			);
			path = "网易新闻框架Tests";
			sourceTree = "<group>";
		};
		4ECCB9F31CF4DABC00155A67 /* 网易新闻框架UITests */ = {
			isa = PBXGroup;
			children = (
				4ECCB9F41CF4DABC00155A67 /* ______UITests.m */,
				4ECCB9F61CF4DABC00155A67 /* Info.plist */,
			);
			path = "网易新闻框架UITests";
			sourceTree = "<group>";
		};
/* End PBXGroup section */

/* Begin PBXNativeTarget section */
		4ECCB9CB1CF4DABC00155A67 /* 网易新闻框架 */ = {
			isa = PBXNativeTarget;
			buildConfigurationList = 4ECCB9F91CF4DABC00155A67 /* Build configuration list for PBXNativeTarget "网易新闻框架" */;
			buildPhases = (
				4ECCB9C81CF4DABC00155A67 /* Sources */,
				4ECCB9C91CF4DABC00155A67 /* Frameworks */,
				4ECCB9CA1CF4DABC00155A67 /* Resources */,
			);
			buildRules = (
			);
			dependencies = (
			);
			name = "网易新闻框架";
			productName = "网易新闻框架";
			productReference = 4ECCB9CC1CF4DABC00155A67 /* 网易新闻框架.app */;
			productType = "com.apple.product-type.application";
		};
		4ECCB9E41CF4DABC00155A67 /* 网易新闻框架Tests */ = {
			isa = PBXNativeTarget;
			buildConfigurationList = 4ECCB9FC1CF4DABC00155A67 /* Build configuration list for PBXNativeTarget "网易新闻框架Tests" */;
			buildPhases = (
				4ECCB9E11CF4DABC00155A67 /* Sources */,
				4ECCB9E21CF4DABC00155A67 /* Frameworks */,
				4ECCB9E31CF4DABC00155A67 /* Resources */,
			);
			buildRules = (
			);
			dependencies = (
				4ECCB9E71CF4DABC00155A67 /* PBXTargetDependency */,
			);
			name = "网易新闻框架Tests";
			productName = "网易新闻框架Tests";
			productReference = 4ECCB9E51CF4DABC00155A67 /* 网易新闻框架Tests.xctest */;
			productType = "com.apple.product-type.bundle.unit-test";
		};
		4ECCB9EF1CF4DABC00155A67 /* 网易新闻框架UITests */ = {
			isa = PBXNativeTarget;
			buildConfigurationList = 4ECCB9FF1CF4DABC00155A67 /* Build configuration list for PBXNativeTarget "网易新闻框架UITests" */;
			buildPhases = (
				4ECCB9EC1CF4DABC00155A67 /* Sources */,
				4ECCB9ED1CF4DABC00155A67 /* Frameworks */,
				4ECCB9EE1CF4DABC00155A67 /* Resources */,
			);
			buildRules = (
			);
			dependencies = (
				4ECCB9F21CF4DABC00155A67 /* PBXTargetDependency */,
			);
			name = "网易新闻框架UITests";
			productName = "网易新闻框架UITests";
			productReference = 4ECCB9F01CF4DABC00155A67 /* 网易新闻框架UITests.xctest */;
			productType = "com.apple.product-type.bundle.ui-testing";
		};
/* End PBXNativeTarget section */

/* Begin PBXProject section */
		4ECCB9C41CF4DABC00155A67 /* Project object */ = {
			isa = PBXProject;
			attributes = {
				LastUpgradeCheck = 0730;
				ORGANIZATIONNAME = "码农界四爷__King";
				TargetAttributes = {
					4ECCB9CB1CF4DABC00155A67 = {
						CreatedOnToolsVersion = 7.3;
					};
					4ECCB9E41CF4DABC00155A67 = {
						CreatedOnToolsVersion = 7.3;
						TestTargetID = 4ECCB9CB1CF4DABC00155A67;
					};
					4ECCB9EF1CF4DABC00155A67 = {
						CreatedOnToolsVersion = 7.3;
						TestTargetID = 4ECCB9CB1CF4DABC00155A67;
					};
				};
			};
			buildConfigurationList = 4ECCB9C71CF4DABC00155A67 /* Build configuration list for PBXProject "网易新闻框架" */;
			compatibilityVersion = "Xcode 3.2";
			developmentRegion = English;
			hasScannedForEncodings = 0;
			knownRegions = (
				en,
				Base,
			);
			mainGroup = 4ECCB9C31CF4DABC00155A67;
			productRefGroup = 4ECCB9CD1CF4DABC00155A67 /* Products */;
			projectDirPath = "";
			projectRoot = "";
			targets = (
				4ECCB9CB1CF4DABC00155A67 /* 网易新闻框架 */,
				4ECCB9E41CF4DABC00155A67 /* 网易新闻框架Tests */,
				4ECCB9EF1CF4DABC00155A67 /* 网易新闻框架UITests */,
			);
		};
/* End PBXProject section */

/* Begin PBXResourcesBuildPhase section */
		4ECCB9CA1CF4DABC00155A67 /* Resources */ = {
			isa = PBXResourcesBuildPhase;
			buildActionMask = 2147483647;
			files = (
				4ECCB9DF1CF4DABC00155A67 /* LaunchScreen.storyboard in Resources */,
				4ECCB9DC1CF4DABC00155A67 /* Assets.xcassets in Resources */,
				4ECCB9DA1CF4DABC00155A67 /* Main.storyboard in Resources */,
			);
			runOnlyForDeploymentPostprocessing = 0;
		};
		4ECCB9E31CF4DABC00155A67 /* Resources */ = {
			isa = PBXResourcesBuildPhase;
			buildActionMask = 2147483647;
			files = (
			);
			runOnlyForDeploymentPostprocessing = 0;
		};
		4ECCB9EE1CF4DABC00155A67 /* Resources */ = {
			isa = PBXResourcesBuildPhase;
			buildActionMask = 2147483647;
			files = (
			);
			runOnlyForDeploymentPostprocessing = 0;
		};
/* End PBXResourcesBuildPhase section */

/* Begin PBXSourcesBuildPhase section */
		4ECCB9C81CF4DABC00155A67 /* Sources */ = {
			isa = PBXSourcesBuildPhase;
			buildActionMask = 2147483647;
			files = (
				4ECCB9D71CF4DABC00155A67 /* ViewController.m in Sources */,
				4ECCB9D41CF4DABC00155A67 /* AppDelegate.m in Sources */,
				4ECCBA3D1CF4DE6F00155A67 /* SYScoletyViewController.m in Sources */,
				4ECCBA3A1CF4DE6100155A67 /* SYScienceViewController.m in Sources */,
				4ECCBA341CF4DE4400155A67 /* SYVideoViewController.m in Sources */,
				4ECCBA401CF4DE7D00155A67 /* SYToplineViewController.m in Sources */,
				4ECCBA371CF4DE5300155A67 /* SYReaderViewController.m in Sources */,
				4ECCBA311CF4DE3200155A67 /* SYHotViewController.m in Sources */,
				4ECCB9D11CF4DABC00155A67 /* main.m in Sources */,
			);
			runOnlyForDeploymentPostprocessing = 0;
		};
		4ECCB9E11CF4DABC00155A67 /* Sources */ = {
			isa = PBXSourcesBuildPhase;
			buildActionMask = 2147483647;
			files = (
				4ECCB9EA1CF4DABC00155A67 /* ______Tests.m in Sources */,
			);
			runOnlyForDeploymentPostprocessing = 0;
		};
		4ECCB9EC1CF4DABC00155A67 /* Sources */ = {
			isa = PBXSourcesBuildPhase;
			buildActionMask = 2147483647;
			files = (
				4ECCB9F51CF4DABC00155A67 /* ______UITests.m in Sources */,
			);
			runOnlyForDeploymentPostprocessing = 0;
		};
/* End PBXSourcesBuildPhase section */

/* Begin PBXTargetDependency section */
		4ECCB9E71CF4DABC00155A67 /* PBXTargetDependency */ = {
			isa = PBXTargetDependency;
			target = 4ECCB9CB1CF4DABC00155A67 /* 网易新闻框架 */;
			targetProxy = 4ECCB9E61CF4DABC00155A67 /* PBXContainerItemProxy */;
		};
		4ECCB9F21CF4DABC00155A67 /* PBXTargetDependency */ = {
			isa = PBXTargetDependency;
			target = 4ECCB9CB1CF4DABC00155A67 /* 网易新闻框架 */;
			targetProxy = 4ECCB9F11CF4DABC00155A67 /* PBXContainerItemProxy */;
		};
/* End PBXTargetDependency section */

/* Begin PBXVariantGroup section */
		4ECCB9D81CF4DABC00155A67 /* Main.storyboard */ = {
			isa = PBXVariantGroup;
			children = (
				4ECCB9D91CF4DABC00155A67 /* Base */,
			);
			name = Main.storyboard;
			sourceTree = "<group>";
		};
		4ECCB9DD1CF4DABC00155A67 /* LaunchScreen.storyboard */ = {
			isa = PBXVariantGroup;
			children = (
				4ECCB9DE1CF4DABC00155A67 /* Base */,
			);
			name = LaunchScreen.storyboard;
			sourceTree = "<group>";
		};
/* End PBXVariantGroup section */

/* Begin XCBuildConfiguration section */
		4ECCB9F71CF4DABC00155A67 /* Debug */ = {
			isa = XCBuildConfiguration;
			buildSettings = {
				ALWAYS_SEARCH_USER_PATHS = NO;
				CLANG_ANALYZER_NONNULL = YES;
				CLANG_CXX_LANGUAGE_STANDARD = "gnu++0x";
				CLANG_CXX_LIBRARY = "libc++";
				CLANG_ENABLE_MODULES = YES;
				CLANG_ENABLE_OBJC_ARC = YES;
				CLANG_WARN_BOOL_CONVERSION = YES;
				CLANG_WARN_CONSTANT_CONVERSION = YES;
				CLANG_WARN_DIRECT_OBJC_ISA_USAGE = YES_ERROR;
				CLANG_WARN_EMPTY_BODY = YES;
				CLANG_WARN_ENUM_CONVERSION = YES;
				CLANG_WARN_INT_CONVERSION = YES;
				CLANG_WARN_OBJC_ROOT_CLASS = YES_ERROR;
				CLANG_WARN_UNREACHABLE_CODE = YES;
				CLANG_WARN__DUPLICATE_METHOD_MATCH = YES;
				"CODE_SIGN_IDENTITY[sdk=iphoneos*]" = "iPhone Developer";
				COPY_PHASE_STRIP = NO;
				DEBUG_INFORMATION_FORMAT = dwarf;
				ENABLE_STRICT_OBJC_MSGSEND = YES;
				ENABLE_TESTABILITY = YES;
				GCC_C_LANGUAGE_STANDARD = gnu99;
				GCC_DYNAMIC_NO_PIC = NO;
				GCC_NO_COMMON_BLOCKS = YES;
				GCC_OPTIMIZATION_LEVEL = 0;
				GCC_PREPROCESSOR_DEFINITIONS = (
					"DEBUG=1",
					"$(inherited)",
				);
				GCC_WARN_64_TO_32_BIT_CONVERSION = YES;
				GCC_WARN_ABOUT_RETURN_TYPE = YES_ERROR;
				GCC_WARN_UNDECLARED_SELECTOR = YES;
				GCC_WARN_UNINITIALIZED_AUTOS = YES_AGGRESSIVE;
				GCC_WARN_UNUSED_FUNCTION = YES;
				GCC_WARN_UNUSED_VARIABLE = YES;
				IPHONEOS_DEPLOYMENT_TARGET = 9.3;
				MTL_ENABLE_DEBUG_INFO = YES;
				ONLY_ACTIVE_ARCH = YES;
				SDKROOT = iphoneos;
				TARGETED_DEVICE_FAMILY = "1,2";
			};
			name = Debug;
		};
		4ECCB9F81CF4DABC00155A67 /* Release */ = {
			isa = XCBuildConfiguration;
			buildSettings = {
				ALWAYS_SEARCH_USER_PATHS = NO;
				CLANG_ANALYZER_NONNULL = YES;
				CLANG_CXX_LANGUAGE_STANDARD = "gnu++0x";
				CLANG_CXX_LIBRARY = "libc++";
				CLANG_ENABLE_MODULES = YES;
				CLANG_ENABLE_OBJC_ARC = YES;
				CLANG_WARN_BOOL_CONVERSION = YES;
				CLANG_WARN_CONSTANT_CONVERSION = YES;
				CLANG_WARN_DIRECT_OBJC_ISA_USAGE = YES_ERROR;
				CLANG_WARN_EMPTY_BODY = YES;
				CLANG_WARN_ENUM_CONVERSION = YES;
				CLANG_WARN_INT_CONVERSION = YES;
				CLANG_WARN_OBJC_ROOT_CLASS = YES_ERROR;
				CLANG_WARN_UNREACHABLE_CODE = YES;
				CLANG_WARN__DUPLICATE_METHOD_MATCH = YES;
				"CODE_SIGN_IDENTITY[sdk=iphoneos*]" = "iPhone Developer";
				COPY_PHASE_STRIP = NO;
				DEBUG_INFORMATION_FORMAT = "dwarf-with-dsym";
				ENABLE_NS_ASSERTIONS = NO;
				ENABLE_STRICT_OBJC_MSGSEND = YES;
				GCC_C_LANGUAGE_STANDARD = gnu99;
				GCC_NO_COMMON_BLOCKS = YES;
				GCC_WARN_64_TO_32_BIT_CONVERSION = YES;
				GCC_WARN_ABOUT_RETURN_TYPE = YES_ERROR;
				GCC_WARN_UNDECLARED_SELECTOR = YES;
				GCC_WARN_UNINITIALIZED_AUTOS = YES_AGGRESSIVE;
				GCC_WARN_UNUSED_FUNCTION = YES;
				GCC_WARN_UNUSED_VARIABLE = YES;
				IPHONEOS_DEPLOYMENT_TARGET = 9.3;
				MTL_ENABLE_DEBUG_INFO = NO;
				SDKROOT = iphoneos;
				TARGETED_DEVICE_FAMILY = "1,2";
				VALIDATE_PRODUCT = YES;
			};
			name = Release;
		};
		4ECCB9FA1CF4DABC00155A67 /* Debug */ = {
			isa = XCBuildConfiguration;
			buildSettings = {
				ASSETCATALOG_COMPILER_APPICON_NAME = AppIcon;
				INFOPLIST_FILE = "网易新闻框架/Info.plist";
				LD_RUNPATH_SEARCH_PATHS = "$(inherited) @executable_path/Frameworks";
				PRODUCT_BUNDLE_IDENTIFIER = "King-.------";
				PRODUCT_NAME = "$(TARGET_NAME)";
			};
			name = Debug;
		};
		4ECCB9FB1CF4DABC00155A67 /* Release */ = {
			isa = XCBuildConfiguration;
			buildSettings = {
				ASSETCATALOG_COMPILER_APPICON_NAME = AppIcon;
				INFOPLIST_FILE = "网易新闻框架/Info.plist";
				LD_RUNPATH_SEARCH_PATHS = "$(inherited) @executable_path/Frameworks";
				PRODUCT_BUNDLE_IDENTIFIER = "King-.------";
				PRODUCT_NAME = "$(TARGET_NAME)";
			};
			name = Release;
		};
		4ECCB9FD1CF4DABC00155A67 /* Debug */ = {
			isa = XCBuildConfiguration;
			buildSettings = {
				BUNDLE_LOADER = "$(TEST_HOST)";
				INFOPLIST_FILE = "网易新闻框架Tests/Info.plist";
				LD_RUNPATH_SEARCH_PATHS = "$(inherited) @executable_path/Frameworks @loader_path/Frameworks";
				PRODUCT_BUNDLE_IDENTIFIER = "King-.------Tests";
				PRODUCT_NAME = "$(TARGET_NAME)";
				TEST_HOST = "$(BUILT_PRODUCTS_DIR)/网易新闻框架.app/网易新闻框架";
			};
			name = Debug;
		};
		4ECCB9FE1CF4DABC00155A67 /* Release */ = {
			isa = XCBuildConfiguration;
			buildSettings = {
				BUNDLE_LOADER = "$(TEST_HOST)";
				INFOPLIST_FILE = "网易新闻框架Tests/Info.plist";
				LD_RUNPATH_SEARCH_PATHS = "$(inherited) @executable_path/Frameworks @loader_path/Frameworks";
				PRODUCT_BUNDLE_IDENTIFIER = "King-.------Tests";
				PRODUCT_NAME = "$(TARGET_NAME)";
				TEST_HOST = "$(BUILT_PRODUCTS_DIR)/网易新闻框架.app/网易新闻框架";
			};
			name = Release;
		};
		4ECCBA001CF4DABC00155A67 /* Debug */ = {
			isa = XCBuildConfiguration;
			buildSettings = {
				INFOPLIST_FILE = "网易新闻框架UITests/Info.plist";
				LD_RUNPATH_SEARCH_PATHS = "$(inherited) @executable_path/Frameworks @loader_path/Frameworks";
				PRODUCT_BUNDLE_IDENTIFIER = "King-.------UITests";
				PRODUCT_NAME = "$(TARGET_NAME)";
				TEST_TARGET_NAME = "网易新闻框架";
			};
			name = Debug;
		};
		4ECCBA011CF4DABC00155A67 /* Release */ = {
			isa = XCBuildConfiguration;
			buildSettings = {
				INFOPLIST_FILE = "网易新闻框架UITests/Info.plist";
				LD_RUNPATH_SEARCH_PATHS = "$(inherited) @executable_path/Frameworks @loader_path/Frameworks";
				PRODUCT_BUNDLE_IDENTIFIER = "King-.------UITests";
				PRODUCT_NAME = "$(TARGET_NAME)";
				TEST_TARGET_NAME = "网易新闻框架";
			};
			name = Release;
		};
/* End XCBuildConfiguration section */

/* Begin XCConfigurationList section */
		4ECCB9C71CF4DABC00155A67 /* Build configuration list for PBXProject "网易新闻框架" */ = {
			isa = XCConfigurationList;
			buildConfigurations = (
				4ECCB9F71CF4DABC00155A67 /* Debug */,
				4ECCB9F81CF4DABC00155A67 /* Release */,
			);
			defaultConfigurationIsVisible = 0;
			defaultConfigurationName = Release;
		};
		4ECCB9F91CF4DABC00155A67 /* Build configuration list for PBXNativeTarget "网易新闻框架" */ = {
			isa = XCConfigurationList;
			buildConfigurations = (
				4ECCB9FA1CF4DABC00155A67 /* Debug */,
				4ECCB9FB1CF4DABC00155A67 /* Release */,
			);
			defaultConfigurationIsVisible = 0;
			defaultConfigurationName = Release;
		};
		4ECCB9FC1CF4DABC00155A67 /* Build configuration list for PBXNativeTarget "网易新闻框架Tests" */ = {
			isa = XCConfigurationList;
			buildConfigurations = (
				4ECCB9FD1CF4DABC00155A67 /* Debug */,
				4ECCB9FE1CF4DABC00155A67 /* Release */,
			);
			defaultConfigurationIsVisible = 0;
			defaultConfigurationName = Release;
		};
		4ECCB9FF1CF4DABC00155A67 /* Build configuration list for PBXNativeTarget "网易新闻框架UITests" */ = {
			isa = XCConfigurationList;
			buildConfigurations = (
				4ECCBA001CF4DABC00155A67 /* Debug */,
				4ECCBA011CF4DABC00155A67 /* Release */,
			);
			defaultConfigurationIsVisible = 0;
			defaultConfigurationName = Release;
		};
/* End XCConfigurationList section */
	};
	rootObject = 4ECCB9C41CF4DABC00155A67 /* Project object */;
}
